// !$*UTF8*$!
{
	archiveVersion = 1;
	classes = {
	};
	objectVersion = 46;
	objects = {

/* Begin PBXBuildFile section */
		907DF1691CB972360068324F /* PathSlicer.h in Headers */ = {isa = PBXBuildFile; fileRef = 907DF1491CB972360068324F /* PathSlicer.h */; settings = {ATTRIBUTES = (Public, ); }; };
		907DF1741CB978D70068324F /* PathSlicer.h in Headers */ = {isa = PBXBuildFile; fileRef = 907DF1491CB972360068324F /* PathSlicer.h */; settings = {ATTRIBUTES = (Public, ); }; };
		907DF1751CB978E80068324F /* ComponentType.swift in Sources */ = {isa = PBXBuildFile; fileRef = 907DF1361CB972360068324F /* ComponentType.swift */; };
		907DF1761CB978E80068324F /* LiteralComponent.swift in Sources */ = {isa = PBXBuildFile; fileRef = 907DF1371CB972360068324F /* LiteralComponent.swift */; };
		907DF1771CB978E80068324F /* RegexComponent.swift in Sources */ = {isa = PBXBuildFile; fileRef = 907DF1381CB972360068324F /* RegexComponent.swift */; };
		907DF1781CB978E80068324F /* VariableComponent.swift in Sources */ = {isa = PBXBuildFile; fileRef = 907DF1391CB972360068324F /* VariableComponent.swift */; };
		907DF1791CB978E80068324F /* ComponentsExtractorType.swift in Sources */ = {isa = PBXBuildFile; fileRef = 907DF13B1CB972360068324F /* ComponentsExtractorType.swift */; };
		907DF17A1CB978E80068324F /* ComponentsInformationProviderType.swift in Sources */ = {isa = PBXBuildFile; fileRef = 907DF13C1CB972360068324F /* ComponentsInformationProviderType.swift */; };
		907DF17B1CB978E80068324F /* DefaultComponentsExtractor.swift in Sources */ = {isa = PBXBuildFile; fileRef = 907DF13D1CB972360068324F /* DefaultComponentsExtractor.swift */; };
		907DF17C1CB978E80068324F /* DefaultComponentsInformationProvider.swift in Sources */ = {isa = PBXBuildFile; fileRef = 907DF13E1CB972360068324F /* DefaultComponentsInformationProvider.swift */; };
		907DF17D1CB978E80068324F /* DefaultPathDescriptionFactory.swift in Sources */ = {isa = PBXBuildFile; fileRef = 907DF13F1CB972360068324F /* DefaultPathDescriptionFactory.swift */; };
		907DF17E1CB978E80068324F /* PathDescriptionFactoryType.swift in Sources */ = {isa = PBXBuildFile; fileRef = 907DF1401CB972360068324F /* PathDescriptionFactoryType.swift */; };
		907DF17F1CB978E80068324F /* ComponentInformation.swift in Sources */ = {isa = PBXBuildFile; fileRef = 907DF1461CB972360068324F /* ComponentInformation.swift */; };
		907DF1801CB978E80068324F /* PathDescription.swift in Sources */ = {isa = PBXBuildFile; fileRef = 907DF1471CB972360068324F /* PathDescription.swift */; };
		907DF1811CB978E80068324F /* PathInformationProviderType.swift in Sources */ = {isa = PBXBuildFile; fileRef = 907DF1481CB972360068324F /* PathInformationProviderType.swift */; };
		907DF1821CB978E80068324F /* PathSlicer.swift in Sources */ = {isa = PBXBuildFile; fileRef = 907DF14A1CB972360068324F /* PathSlicer.swift */; };
		907DF1831CB978F40068324F /* PathSlicer.h in Headers */ = {isa = PBXBuildFile; fileRef = 907DF1491CB972360068324F /* PathSlicer.h */; settings = {ATTRIBUTES = (Public, ); }; };
		907DF1841CB978FE0068324F /* ComponentType.swift in Sources */ = {isa = PBXBuildFile; fileRef = 907DF1361CB972360068324F /* ComponentType.swift */; };
		907DF1851CB978FE0068324F /* LiteralComponent.swift in Sources */ = {isa = PBXBuildFile; fileRef = 907DF1371CB972360068324F /* LiteralComponent.swift */; };
		907DF1861CB978FE0068324F /* RegexComponent.swift in Sources */ = {isa = PBXBuildFile; fileRef = 907DF1381CB972360068324F /* RegexComponent.swift */; };
		907DF1871CB978FE0068324F /* VariableComponent.swift in Sources */ = {isa = PBXBuildFile; fileRef = 907DF1391CB972360068324F /* VariableComponent.swift */; };
		907DF1881CB978FE0068324F /* ComponentsExtractorType.swift in Sources */ = {isa = PBXBuildFile; fileRef = 907DF13B1CB972360068324F /* ComponentsExtractorType.swift */; };
		907DF1891CB978FE0068324F /* ComponentsInformationProviderType.swift in Sources */ = {isa = PBXBuildFile; fileRef = 907DF13C1CB972360068324F /* ComponentsInformationProviderType.swift */; };
		907DF18A1CB978FE0068324F /* DefaultComponentsExtractor.swift in Sources */ = {isa = PBXBuildFile; fileRef = 907DF13D1CB972360068324F /* DefaultComponentsExtractor.swift */; };
		907DF18B1CB978FE0068324F /* DefaultComponentsInformationProvider.swift in Sources */ = {isa = PBXBuildFile; fileRef = 907DF13E1CB972360068324F /* DefaultComponentsInformationProvider.swift */; };
		907DF18C1CB978FE0068324F /* DefaultPathDescriptionFactory.swift in Sources */ = {isa = PBXBuildFile; fileRef = 907DF13F1CB972360068324F /* DefaultPathDescriptionFactory.swift */; };
		907DF18D1CB978FE0068324F /* PathDescriptionFactoryType.swift in Sources */ = {isa = PBXBuildFile; fileRef = 907DF1401CB972360068324F /* PathDescriptionFactoryType.swift */; };
		907DF18E1CB978FE0068324F /* ComponentInformation.swift in Sources */ = {isa = PBXBuildFile; fileRef = 907DF1461CB972360068324F /* ComponentInformation.swift */; };
		907DF18F1CB978FE0068324F /* PathDescription.swift in Sources */ = {isa = PBXBuildFile; fileRef = 907DF1471CB972360068324F /* PathDescription.swift */; };
		907DF1901CB978FE0068324F /* PathInformationProviderType.swift in Sources */ = {isa = PBXBuildFile; fileRef = 907DF1481CB972360068324F /* PathInformationProviderType.swift */; };
		907DF1911CB978FE0068324F /* PathSlicer.swift in Sources */ = {isa = PBXBuildFile; fileRef = 907DF14A1CB972360068324F /* PathSlicer.swift */; };
		907DF1921CB979130068324F /* ComponentType.swift in Sources */ = {isa = PBXBuildFile; fileRef = 907DF1361CB972360068324F /* ComponentType.swift */; };
		907DF1931CB979130068324F /* LiteralComponent.swift in Sources */ = {isa = PBXBuildFile; fileRef = 907DF1371CB972360068324F /* LiteralComponent.swift */; };
		907DF1941CB979130068324F /* RegexComponent.swift in Sources */ = {isa = PBXBuildFile; fileRef = 907DF1381CB972360068324F /* RegexComponent.swift */; };
		907DF1951CB979130068324F /* VariableComponent.swift in Sources */ = {isa = PBXBuildFile; fileRef = 907DF1391CB972360068324F /* VariableComponent.swift */; };
		907DF1961CB979130068324F /* ComponentsExtractorType.swift in Sources */ = {isa = PBXBuildFile; fileRef = 907DF13B1CB972360068324F /* ComponentsExtractorType.swift */; };
		907DF1971CB979130068324F /* ComponentsInformationProviderType.swift in Sources */ = {isa = PBXBuildFile; fileRef = 907DF13C1CB972360068324F /* ComponentsInformationProviderType.swift */; };
		907DF1981CB979130068324F /* DefaultComponentsExtractor.swift in Sources */ = {isa = PBXBuildFile; fileRef = 907DF13D1CB972360068324F /* DefaultComponentsExtractor.swift */; };
		907DF1991CB979130068324F /* DefaultComponentsInformationProvider.swift in Sources */ = {isa = PBXBuildFile; fileRef = 907DF13E1CB972360068324F /* DefaultComponentsInformationProvider.swift */; };
		907DF19A1CB979130068324F /* DefaultPathDescriptionFactory.swift in Sources */ = {isa = PBXBuildFile; fileRef = 907DF13F1CB972360068324F /* DefaultPathDescriptionFactory.swift */; };
		907DF19B1CB979130068324F /* PathDescriptionFactoryType.swift in Sources */ = {isa = PBXBuildFile; fileRef = 907DF1401CB972360068324F /* PathDescriptionFactoryType.swift */; };
		907DF19C1CB979130068324F /* ComponentInformation.swift in Sources */ = {isa = PBXBuildFile; fileRef = 907DF1461CB972360068324F /* ComponentInformation.swift */; };
		907DF19D1CB979130068324F /* PathDescription.swift in Sources */ = {isa = PBXBuildFile; fileRef = 907DF1471CB972360068324F /* PathDescription.swift */; };
		907DF19E1CB979130068324F /* PathInformationProviderType.swift in Sources */ = {isa = PBXBuildFile; fileRef = 907DF1481CB972360068324F /* PathInformationProviderType.swift */; };
		907DF19F1CB979130068324F /* PathSlicer.swift in Sources */ = {isa = PBXBuildFile; fileRef = 907DF14A1CB972360068324F /* PathSlicer.swift */; };
		907DF1A01CB9791A0068324F /* PathSlicer.h in Headers */ = {isa = PBXBuildFile; fileRef = 907DF1491CB972360068324F /* PathSlicer.h */; settings = {ATTRIBUTES = (Public, ); }; };
		907DF1A11CB979AE0068324F /* ComponentType.swift in Sources */ = {isa = PBXBuildFile; fileRef = 907DF1361CB972360068324F /* ComponentType.swift */; };
		907DF1A21CB979AE0068324F /* LiteralComponent.swift in Sources */ = {isa = PBXBuildFile; fileRef = 907DF1371CB972360068324F /* LiteralComponent.swift */; };
		907DF1A31CB979AE0068324F /* RegexComponent.swift in Sources */ = {isa = PBXBuildFile; fileRef = 907DF1381CB972360068324F /* RegexComponent.swift */; };
		907DF1A41CB979AE0068324F /* VariableComponent.swift in Sources */ = {isa = PBXBuildFile; fileRef = 907DF1391CB972360068324F /* VariableComponent.swift */; };
		907DF1A51CB979AE0068324F /* ComponentsExtractorType.swift in Sources */ = {isa = PBXBuildFile; fileRef = 907DF13B1CB972360068324F /* ComponentsExtractorType.swift */; };
		907DF1A61CB979AE0068324F /* ComponentsInformationProviderType.swift in Sources */ = {isa = PBXBuildFile; fileRef = 907DF13C1CB972360068324F /* ComponentsInformationProviderType.swift */; };
		907DF1A71CB979AE0068324F /* DefaultComponentsExtractor.swift in Sources */ = {isa = PBXBuildFile; fileRef = 907DF13D1CB972360068324F /* DefaultComponentsExtractor.swift */; };
		907DF1A81CB979AE0068324F /* DefaultComponentsInformationProvider.swift in Sources */ = {isa = PBXBuildFile; fileRef = 907DF13E1CB972360068324F /* DefaultComponentsInformationProvider.swift */; };
		907DF1A91CB979AE0068324F /* DefaultPathDescriptionFactory.swift in Sources */ = {isa = PBXBuildFile; fileRef = 907DF13F1CB972360068324F /* DefaultPathDescriptionFactory.swift */; };
		907DF1AA1CB979AE0068324F /* PathDescriptionFactoryType.swift in Sources */ = {isa = PBXBuildFile; fileRef = 907DF1401CB972360068324F /* PathDescriptionFactoryType.swift */; };
		907DF1AB1CB979AE0068324F /* ComponentInformation.swift in Sources */ = {isa = PBXBuildFile; fileRef = 907DF1461CB972360068324F /* ComponentInformation.swift */; };
		907DF1AC1CB979AE0068324F /* PathDescription.swift in Sources */ = {isa = PBXBuildFile; fileRef = 907DF1471CB972360068324F /* PathDescription.swift */; };
		907DF1AD1CB979AE0068324F /* PathInformationProviderType.swift in Sources */ = {isa = PBXBuildFile; fileRef = 907DF1481CB972360068324F /* PathInformationProviderType.swift */; };
		907DF1AE1CB979AE0068324F /* PathSlicer.swift in Sources */ = {isa = PBXBuildFile; fileRef = 907DF14A1CB972360068324F /* PathSlicer.swift */; };
		907DF1C21CB97A5F0068324F /* PathSlicer_iOS.framework in Frameworks */ = {isa = PBXBuildFile; fileRef = 900A23491BFA64C900BA7ABC /* PathSlicer_iOS.framework */; };
		907DF1E51CB97BA40068324F /* LiteralComponentTests.swift in Sources */ = {isa = PBXBuildFile; fileRef = 907DF1DA1CB97BA40068324F /* LiteralComponentTests.swift */; };
		907DF1E61CB97BA40068324F /* RegexComponentTests.swift in Sources */ = {isa = PBXBuildFile; fileRef = 907DF1DB1CB97BA40068324F /* RegexComponentTests.swift */; };
		907DF1E71CB97BA40068324F /* VariableComponentTests.swift in Sources */ = {isa = PBXBuildFile; fileRef = 907DF1DC1CB97BA40068324F /* VariableComponentTests.swift */; };
		907DF1E81CB97BA40068324F /* DefaultComponentsExtractorTests.swift in Sources */ = {isa = PBXBuildFile; fileRef = 907DF1DE1CB97BA40068324F /* DefaultComponentsExtractorTests.swift */; };
		907DF1E91CB97BA40068324F /* DefaultPathDescriptionFactoryTests.swift in Sources */ = {isa = PBXBuildFile; fileRef = 907DF1DF1CB97BA40068324F /* DefaultPathDescriptionFactoryTests.swift */; };
		907DF1EB1CB97BA40068324F /* ComponentInformationTests.swift in Sources */ = {isa = PBXBuildFile; fileRef = 907DF1E21CB97BA40068324F /* ComponentInformationTests.swift */; };
		907DF1EC1CB97BA40068324F /* PathDescriptionTests.swift in Sources */ = {isa = PBXBuildFile; fileRef = 907DF1E31CB97BA40068324F /* PathDescriptionTests.swift */; };
		907DF1ED1CB97BA40068324F /* PathSlicerTests.swift in Sources */ = {isa = PBXBuildFile; fileRef = 907DF1E41CB97BA40068324F /* PathSlicerTests.swift */; };
/* End PBXBuildFile section */

/* Begin PBXContainerItemProxy section */
		907DF1C31CB97A5F0068324F /* PBXContainerItemProxy */ = {
			isa = PBXContainerItemProxy;
			containerPortal = 900A23401BFA64C900BA7ABC /* Project object */;
			proxyType = 1;
			remoteGlobalIDString = 900A23481BFA64C900BA7ABC;
			remoteInfo = PathSlicer_iOS;
		};
/* End PBXContainerItemProxy section */

/* Begin PBXFileReference section */
		900A23491BFA64C900BA7ABC /* PathSlicer_iOS.framework */ = {isa = PBXFileReference; explicitFileType = wrapper.framework; includeInIndex = 0; path = PathSlicer_iOS.framework; sourceTree = BUILT_PRODUCTS_DIR; };
		907DF0DF1CB9705C0068324F /* PathSlicer_watchOS.framework */ = {isa = PBXFileReference; explicitFileType = wrapper.framework; includeInIndex = 0; path = PathSlicer_watchOS.framework; sourceTree = BUILT_PRODUCTS_DIR; };
		907DF0EC1CB9707C0068324F /* PathSlicer_tvOS.framework */ = {isa = PBXFileReference; explicitFileType = wrapper.framework; includeInIndex = 0; path = PathSlicer_tvOS.framework; sourceTree = BUILT_PRODUCTS_DIR; };
		907DF0F91CB970AE0068324F /* PathSlicer_osX.framework */ = {isa = PBXFileReference; explicitFileType = wrapper.framework; includeInIndex = 0; path = PathSlicer_osX.framework; sourceTree = BUILT_PRODUCTS_DIR; };
		907DF1361CB972360068324F /* ComponentType.swift */ = {isa = PBXFileReference; fileEncoding = 4; lastKnownFileType = sourcecode.swift; path = ComponentType.swift; sourceTree = "<group>"; };
		907DF1371CB972360068324F /* LiteralComponent.swift */ = {isa = PBXFileReference; fileEncoding = 4; lastKnownFileType = sourcecode.swift; path = LiteralComponent.swift; sourceTree = "<group>"; };
		907DF1381CB972360068324F /* RegexComponent.swift */ = {isa = PBXFileReference; fileEncoding = 4; lastKnownFileType = sourcecode.swift; path = RegexComponent.swift; sourceTree = "<group>"; };
		907DF1391CB972360068324F /* VariableComponent.swift */ = {isa = PBXFileReference; fileEncoding = 4; lastKnownFileType = sourcecode.swift; path = VariableComponent.swift; sourceTree = "<group>"; };
		907DF13B1CB972360068324F /* ComponentsExtractorType.swift */ = {isa = PBXFileReference; fileEncoding = 4; lastKnownFileType = sourcecode.swift; path = ComponentsExtractorType.swift; sourceTree = "<group>"; };
		907DF13C1CB972360068324F /* ComponentsInformationProviderType.swift */ = {isa = PBXFileReference; fileEncoding = 4; lastKnownFileType = sourcecode.swift; path = ComponentsInformationProviderType.swift; sourceTree = "<group>"; };
		907DF13D1CB972360068324F /* DefaultComponentsExtractor.swift */ = {isa = PBXFileReference; fileEncoding = 4; lastKnownFileType = sourcecode.swift; path = DefaultComponentsExtractor.swift; sourceTree = "<group>"; };
		907DF13E1CB972360068324F /* DefaultComponentsInformationProvider.swift */ = {isa = PBXFileReference; fileEncoding = 4; lastKnownFileType = sourcecode.swift; path = DefaultComponentsInformationProvider.swift; sourceTree = "<group>"; };
		907DF13F1CB972360068324F /* DefaultPathDescriptionFactory.swift */ = {isa = PBXFileReference; fileEncoding = 4; lastKnownFileType = sourcecode.swift; path = DefaultPathDescriptionFactory.swift; sourceTree = "<group>"; };
		907DF1401CB972360068324F /* PathDescriptionFactoryType.swift */ = {isa = PBXFileReference; fileEncoding = 4; lastKnownFileType = sourcecode.swift; path = PathDescriptionFactoryType.swift; sourceTree = "<group>"; };
		907DF1411CB972360068324F /* Info-iOS.plist */ = {isa = PBXFileReference; fileEncoding = 4; lastKnownFileType = text.plist.xml; path = "Info-iOS.plist"; sourceTree = "<group>"; };
		907DF1421CB972360068324F /* Info-osX.plist */ = {isa = PBXFileReference; fileEncoding = 4; lastKnownFileType = text.plist.xml; path = "Info-osX.plist"; sourceTree = "<group>"; };
		907DF1431CB972360068324F /* Info-tvOS.plist */ = {isa = PBXFileReference; fileEncoding = 4; lastKnownFileType = text.plist.xml; path = "Info-tvOS.plist"; sourceTree = "<group>"; };
		907DF1441CB972360068324F /* Info-watchOS.plist */ = {isa = PBXFileReference; fileEncoding = 4; lastKnownFileType = text.plist.xml; path = "Info-watchOS.plist"; sourceTree = "<group>"; };
		907DF1461CB972360068324F /* ComponentInformation.swift */ = {isa = PBXFileReference; fileEncoding = 4; lastKnownFileType = sourcecode.swift; path = ComponentInformation.swift; sourceTree = "<group>"; };
		907DF1471CB972360068324F /* PathDescription.swift */ = {isa = PBXFileReference; fileEncoding = 4; lastKnownFileType = sourcecode.swift; path = PathDescription.swift; sourceTree = "<group>"; };
		907DF1481CB972360068324F /* PathInformationProviderType.swift */ = {isa = PBXFileReference; fileEncoding = 4; lastKnownFileType = sourcecode.swift; path = PathInformationProviderType.swift; sourceTree = "<group>"; };
		907DF1491CB972360068324F /* PathSlicer.h */ = {isa = PBXFileReference; fileEncoding = 4; lastKnownFileType = sourcecode.c.h; path = PathSlicer.h; sourceTree = "<group>"; };
		907DF14A1CB972360068324F /* PathSlicer.swift */ = {isa = PBXFileReference; fileEncoding = 4; lastKnownFileType = sourcecode.swift; path = PathSlicer.swift; sourceTree = "<group>"; };
		907DF1BD1CB97A5F0068324F /* PathSlicerTests.xctest */ = {isa = PBXFileReference; explicitFileType = wrapper.cfbundle; includeInIndex = 0; path = PathSlicerTests.xctest; sourceTree = BUILT_PRODUCTS_DIR; };
		907DF1DA1CB97BA40068324F /* LiteralComponentTests.swift */ = {isa = PBXFileReference; fileEncoding = 4; lastKnownFileType = sourcecode.swift; path = LiteralComponentTests.swift; sourceTree = "<group>"; };
		907DF1DB1CB97BA40068324F /* RegexComponentTests.swift */ = {isa = PBXFileReference; fileEncoding = 4; lastKnownFileType = sourcecode.swift; path = RegexComponentTests.swift; sourceTree = "<group>"; };
		907DF1DC1CB97BA40068324F /* VariableComponentTests.swift */ = {isa = PBXFileReference; fileEncoding = 4; lastKnownFileType = sourcecode.swift; path = VariableComponentTests.swift; sourceTree = "<group>"; };
		907DF1DE1CB97BA40068324F /* DefaultComponentsExtractorTests.swift */ = {isa = PBXFileReference; fileEncoding = 4; lastKnownFileType = sourcecode.swift; path = DefaultComponentsExtractorTests.swift; sourceTree = "<group>"; };
		907DF1DF1CB97BA40068324F /* DefaultPathDescriptionFactoryTests.swift */ = {isa = PBXFileReference; fileEncoding = 4; lastKnownFileType = sourcecode.swift; path = DefaultPathDescriptionFactoryTests.swift; sourceTree = "<group>"; };
		907DF1E01CB97BA40068324F /* Info.plist */ = {isa = PBXFileReference; fileEncoding = 4; lastKnownFileType = text.plist.xml; name = Info.plist; path = Tests/Info.plist; sourceTree = SOURCE_ROOT; };
		907DF1E21CB97BA40068324F /* ComponentInformationTests.swift */ = {isa = PBXFileReference; fileEncoding = 4; lastKnownFileType = sourcecode.swift; path = ComponentInformationTests.swift; sourceTree = "<group>"; };
		907DF1E31CB97BA40068324F /* PathDescriptionTests.swift */ = {isa = PBXFileReference; fileEncoding = 4; lastKnownFileType = sourcecode.swift; path = PathDescriptionTests.swift; sourceTree = "<group>"; };
		907DF1E41CB97BA40068324F /* PathSlicerTests.swift */ = {isa = PBXFileReference; fileEncoding = 4; lastKnownFileType = sourcecode.swift; name = PathSlicerTests.swift; path = Tests/PathSlicerTests.swift; sourceTree = SOURCE_ROOT; };
/* End PBXFileReference section */

/* Begin PBXFrameworksBuildPhase section */
		900A23451BFA64C900BA7ABC /* Frameworks */ = {
			isa = PBXFrameworksBuildPhase;
			buildActionMask = 2147483647;
			files = (
			);
			runOnlyForDeploymentPostprocessing = 0;
		};
		907DF0DB1CB9705C0068324F /* Frameworks */ = {
			isa = PBXFrameworksBuildPhase;
			buildActionMask = 2147483647;
			files = (
			);
			runOnlyForDeploymentPostprocessing = 0;
		};
		907DF0E81CB9707C0068324F /* Frameworks */ = {
			isa = PBXFrameworksBuildPhase;
			buildActionMask = 2147483647;
			files = (
			);
			runOnlyForDeploymentPostprocessing = 0;
		};
		907DF0F51CB970AE0068324F /* Frameworks */ = {
			isa = PBXFrameworksBuildPhase;
			buildActionMask = 2147483647;
			files = (
			);
			runOnlyForDeploymentPostprocessing = 0;
		};
		907DF1BA1CB97A5F0068324F /* Frameworks */ = {
			isa = PBXFrameworksBuildPhase;
			buildActionMask = 2147483647;
			files = (
				907DF1C21CB97A5F0068324F /* PathSlicer_iOS.framework in Frameworks */,
			);
			runOnlyForDeploymentPostprocessing = 0;
		};
/* End PBXFrameworksBuildPhase section */

/* Begin PBXGroup section */
		900A233F1BFA64C900BA7ABC = {
			isa = PBXGroup;
			children = (
				907DF1341CB972360068324F /* Source */,
				907DF1BE1CB97A5F0068324F /* Tests */,
				900A234A1BFA64C900BA7ABC /* Products */,
			);
			sourceTree = "<group>";
		};
		900A234A1BFA64C900BA7ABC /* Products */ = {
			isa = PBXGroup;
			children = (
				900A23491BFA64C900BA7ABC /* PathSlicer_iOS.framework */,
				907DF0DF1CB9705C0068324F /* PathSlicer_watchOS.framework */,
				907DF0EC1CB9707C0068324F /* PathSlicer_tvOS.framework */,
				907DF0F91CB970AE0068324F /* PathSlicer_osX.framework */,
				907DF1BD1CB97A5F0068324F /* PathSlicerTests.xctest */,
			);
			name = Products;
			sourceTree = "<group>";
		};
		907DF1341CB972360068324F /* Source */ = {
			isa = PBXGroup;
			children = (
				907DF1351CB972360068324F /* ComponentTypes */,
				907DF13A1CB972360068324F /* Helpers */,
				907DF1451CB972360068324F /* Models */,
				907DF1481CB972360068324F /* PathInformationProviderType.swift */,
				907DF14A1CB972360068324F /* PathSlicer.swift */,
				907DF1491CB972360068324F /* PathSlicer.h */,
				907DF1411CB972360068324F /* Info-iOS.plist */,
				907DF1421CB972360068324F /* Info-osX.plist */,
				907DF1431CB972360068324F /* Info-tvOS.plist */,
				907DF1441CB972360068324F /* Info-watchOS.plist */,
			);
			path = Source;
			sourceTree = "<group>";
		};
		907DF1351CB972360068324F /* ComponentTypes */ = {
			isa = PBXGroup;
			children = (
				907DF1361CB972360068324F /* ComponentType.swift */,
				907DF1371CB972360068324F /* LiteralComponent.swift */,
				907DF1381CB972360068324F /* RegexComponent.swift */,
				907DF1391CB972360068324F /* VariableComponent.swift */,
			);
			path = ComponentTypes;
			sourceTree = "<group>";
		};
		907DF13A1CB972360068324F /* Helpers */ = {
			isa = PBXGroup;
			children = (
				907DF13B1CB972360068324F /* ComponentsExtractorType.swift */,
				907DF13C1CB972360068324F /* ComponentsInformationProviderType.swift */,
				907DF13D1CB972360068324F /* DefaultComponentsExtractor.swift */,
				907DF13E1CB972360068324F /* DefaultComponentsInformationProvider.swift */,
				907DF13F1CB972360068324F /* DefaultPathDescriptionFactory.swift */,
				907DF1401CB972360068324F /* PathDescriptionFactoryType.swift */,
			);
			path = Helpers;
			sourceTree = "<group>";
		};
		907DF1451CB972360068324F /* Models */ = {
			isa = PBXGroup;
			children = (
				907DF1461CB972360068324F /* ComponentInformation.swift */,
				907DF1471CB972360068324F /* PathDescription.swift */,
			);
			path = Models;
			sourceTree = "<group>";
		};
		907DF1BE1CB97A5F0068324F /* Tests */ = {
			isa = PBXGroup;
			children = (
				907DF1D91CB97BA40068324F /* ComponentTypes */,
				907DF1DD1CB97BA40068324F /* Helpers */,
				907DF1E01CB97BA40068324F /* Info.plist */,
				907DF1E11CB97BA40068324F /* Models */,
				907DF1E41CB97BA40068324F /* PathSlicerTests.swift */,
			);
			name = Tests;
			path = PathSlicerTests;
			sourceTree = "<group>";
		};
		907DF1D91CB97BA40068324F /* ComponentTypes */ = {
			isa = PBXGroup;
			children = (
				907DF1DA1CB97BA40068324F /* LiteralComponentTests.swift */,
				907DF1DB1CB97BA40068324F /* RegexComponentTests.swift */,
				907DF1DC1CB97BA40068324F /* VariableComponentTests.swift */,
			);
			name = ComponentTypes;
			path = Tests/ComponentTypes;
			sourceTree = SOURCE_ROOT;
		};
		907DF1DD1CB97BA40068324F /* Helpers */ = {
			isa = PBXGroup;
			children = (
				907DF1DE1CB97BA40068324F /* DefaultComponentsExtractorTests.swift */,
				907DF1DF1CB97BA40068324F /* DefaultPathDescriptionFactoryTests.swift */,
			);
			name = Helpers;
			path = Tests/Helpers;
			sourceTree = SOURCE_ROOT;
		};
		907DF1E11CB97BA40068324F /* Models */ = {
			isa = PBXGroup;
			children = (
				907DF1E21CB97BA40068324F /* ComponentInformationTests.swift */,
				907DF1E31CB97BA40068324F /* PathDescriptionTests.swift */,
			);
			name = Models;
			path = Tests/Models;
			sourceTree = SOURCE_ROOT;
		};
/* End PBXGroup section */

/* Begin PBXHeadersBuildPhase section */
		900A23461BFA64C900BA7ABC /* Headers */ = {
			isa = PBXHeadersBuildPhase;
			buildActionMask = 2147483647;
			files = (
				907DF1691CB972360068324F /* PathSlicer.h in Headers */,
			);
			runOnlyForDeploymentPostprocessing = 0;
		};
		907DF0DC1CB9705C0068324F /* Headers */ = {
			isa = PBXHeadersBuildPhase;
			buildActionMask = 2147483647;
			files = (
				907DF1A01CB9791A0068324F /* PathSlicer.h in Headers */,
			);
			runOnlyForDeploymentPostprocessing = 0;
		};
		907DF0E91CB9707C0068324F /* Headers */ = {
			isa = PBXHeadersBuildPhase;
			buildActionMask = 2147483647;
			files = (
				907DF1831CB978F40068324F /* PathSlicer.h in Headers */,
			);
			runOnlyForDeploymentPostprocessing = 0;
		};
		907DF0F61CB970AE0068324F /* Headers */ = {
			isa = PBXHeadersBuildPhase;
			buildActionMask = 2147483647;
			files = (
				907DF1741CB978D70068324F /* PathSlicer.h in Headers */,
			);
			runOnlyForDeploymentPostprocessing = 0;
		};
/* End PBXHeadersBuildPhase section */

/* Begin PBXNativeTarget section */
		900A23481BFA64C900BA7ABC /* PathSlicer_iOS */ = {
			isa = PBXNativeTarget;
			buildConfigurationList = 900A235D1BFA64CA00BA7ABC /* Build configuration list for PBXNativeTarget "PathSlicer_iOS" */;
			buildPhases = (
				900A23441BFA64C900BA7ABC /* Sources */,
				900A23451BFA64C900BA7ABC /* Frameworks */,
				900A23461BFA64C900BA7ABC /* Headers */,
				900A23471BFA64C900BA7ABC /* Resources */,
			);
			buildRules = (
			);
			dependencies = (
			);
			name = PathSlicer_iOS;
			productName = PathSlicer;
			productReference = 900A23491BFA64C900BA7ABC /* PathSlicer_iOS.framework */;
			productType = "com.apple.product-type.framework";
		};
		907DF0DE1CB9705C0068324F /* PathSlicer_watchOS */ = {
			isa = PBXNativeTarget;
			buildConfigurationList = 907DF0E41CB9705D0068324F /* Build configuration list for PBXNativeTarget "PathSlicer_watchOS" */;
			buildPhases = (
				907DF0DA1CB9705C0068324F /* Sources */,
				907DF0DB1CB9705C0068324F /* Frameworks */,
				907DF0DC1CB9705C0068324F /* Headers */,
				907DF0DD1CB9705C0068324F /* Resources */,
			);
			buildRules = (
			);
			dependencies = (
			);
			name = PathSlicer_watchOS;
			productName = "PathSlicer-watchOS";
			productReference = 907DF0DF1CB9705C0068324F /* PathSlicer_watchOS.framework */;
			productType = "com.apple.product-type.framework";
		};
		907DF0EB1CB9707C0068324F /* PathSlicer_tvOS */ = {
			isa = PBXNativeTarget;
			buildConfigurationList = 907DF0F11CB9707C0068324F /* Build configuration list for PBXNativeTarget "PathSlicer_tvOS" */;
			buildPhases = (
				907DF0E71CB9707C0068324F /* Sources */,
				907DF0E81CB9707C0068324F /* Frameworks */,
				907DF0E91CB9707C0068324F /* Headers */,
				907DF0EA1CB9707C0068324F /* Resources */,
			);
			buildRules = (
			);
			dependencies = (
			);
			name = PathSlicer_tvOS;
			productName = "PathSlicer-tvOS";
			productReference = 907DF0EC1CB9707C0068324F /* PathSlicer_tvOS.framework */;
			productType = "com.apple.product-type.framework";
		};
		907DF0F81CB970AE0068324F /* PathSlicer_osX */ = {
			isa = PBXNativeTarget;
			buildConfigurationList = 907DF0FE1CB970AE0068324F /* Build configuration list for PBXNativeTarget "PathSlicer_osX" */;
			buildPhases = (
				907DF0F41CB970AE0068324F /* Sources */,
				907DF0F51CB970AE0068324F /* Frameworks */,
				907DF0F61CB970AE0068324F /* Headers */,
				907DF0F71CB970AE0068324F /* Resources */,
			);
			buildRules = (
			);
			dependencies = (
			);
			name = PathSlicer_osX;
			productName = "PathSlicer-osX";
			productReference = 907DF0F91CB970AE0068324F /* PathSlicer_osX.framework */;
			productType = "com.apple.product-type.framework";
		};
		907DF1BC1CB97A5F0068324F /* PathSlicerTests */ = {
			isa = PBXNativeTarget;
			buildConfigurationList = 907DF1C51CB97A5F0068324F /* Build configuration list for PBXNativeTarget "PathSlicerTests" */;
			buildPhases = (
				907DF1B91CB97A5F0068324F /* Sources */,
				907DF1BA1CB97A5F0068324F /* Frameworks */,
				907DF1BB1CB97A5F0068324F /* Resources */,
			);
			buildRules = (
			);
			dependencies = (
				907DF1C41CB97A5F0068324F /* PBXTargetDependency */,
			);
			name = PathSlicerTests;
			productName = PathSlicerTests;
			productReference = 907DF1BD1CB97A5F0068324F /* PathSlicerTests.xctest */;
			productType = "com.apple.product-type.bundle.unit-test";
		};
/* End PBXNativeTarget section */

/* Begin PBXProject section */
		900A23401BFA64C900BA7ABC /* Project object */ = {
			isa = PBXProject;
			attributes = {
				LastSwiftUpdateCheck = 0730;
				LastUpgradeCheck = 0710;
				ORGANIZATIONNAME = "Michał Tynior";
				TargetAttributes = {
					900A23481BFA64C900BA7ABC = {
						CreatedOnToolsVersion = 7.1;
					};
					907DF0DE1CB9705C0068324F = {
						CreatedOnToolsVersion = 7.3;
						DevelopmentTeam = SGZ6FVQB6B;
					};
					907DF0EB1CB9707C0068324F = {
						CreatedOnToolsVersion = 7.3;
						DevelopmentTeam = SGZ6FVQB6B;
					};
					907DF0F81CB970AE0068324F = {
						CreatedOnToolsVersion = 7.3;
					};
					907DF1BC1CB97A5F0068324F = {
						CreatedOnToolsVersion = 7.3;
						DevelopmentTeam = SGZ6FVQB6B;
					};
				};
			};
			buildConfigurationList = 900A23431BFA64C900BA7ABC /* Build configuration list for PBXProject "PathSlicer" */;
			compatibilityVersion = "Xcode 3.2";
			developmentRegion = English;
			hasScannedForEncodings = 0;
			knownRegions = (
				en,
			);
			mainGroup = 900A233F1BFA64C900BA7ABC;
			productRefGroup = 900A234A1BFA64C900BA7ABC /* Products */;
			projectDirPath = "";
			projectRoot = "";
			targets = (
				900A23481BFA64C900BA7ABC /* PathSlicer_iOS */,
				907DF0DE1CB9705C0068324F /* PathSlicer_watchOS */,
				907DF0EB1CB9707C0068324F /* PathSlicer_tvOS */,
				907DF0F81CB970AE0068324F /* PathSlicer_osX */,
				907DF1BC1CB97A5F0068324F /* PathSlicerTests */,
			);
		};
/* End PBXProject section */

/* Begin PBXResourcesBuildPhase section */
		900A23471BFA64C900BA7ABC /* Resources */ = {
			isa = PBXResourcesBuildPhase;
			buildActionMask = 2147483647;
			files = (
			);
			runOnlyForDeploymentPostprocessing = 0;
		};
		907DF0DD1CB9705C0068324F /* Resources */ = {
			isa = PBXResourcesBuildPhase;
			buildActionMask = 2147483647;
			files = (
			);
			runOnlyForDeploymentPostprocessing = 0;
		};
		907DF0EA1CB9707C0068324F /* Resources */ = {
			isa = PBXResourcesBuildPhase;
			buildActionMask = 2147483647;
			files = (
			);
			runOnlyForDeploymentPostprocessing = 0;
		};
		907DF0F71CB970AE0068324F /* Resources */ = {
			isa = PBXResourcesBuildPhase;
			buildActionMask = 2147483647;
			files = (
			);
			runOnlyForDeploymentPostprocessing = 0;
		};
		907DF1BB1CB97A5F0068324F /* Resources */ = {
			isa = PBXResourcesBuildPhase;
			buildActionMask = 2147483647;
			files = (
			);
			runOnlyForDeploymentPostprocessing = 0;
		};
/* End PBXResourcesBuildPhase section */

/* Begin PBXSourcesBuildPhase section */
		900A23441BFA64C900BA7ABC /* Sources */ = {
			isa = PBXSourcesBuildPhase;
			buildActionMask = 2147483647;
			files = (
				907DF1A11CB979AE0068324F /* ComponentType.swift in Sources */,
				907DF1A21CB979AE0068324F /* LiteralComponent.swift in Sources */,
				907DF1A31CB979AE0068324F /* RegexComponent.swift in Sources */,
				907DF1A41CB979AE0068324F /* VariableComponent.swift in Sources */,
				907DF1A51CB979AE0068324F /* ComponentsExtractorType.swift in Sources */,
				907DF1A61CB979AE0068324F /* ComponentsInformationProviderType.swift in Sources */,
				907DF1A71CB979AE0068324F /* DefaultComponentsExtractor.swift in Sources */,
				907DF1A81CB979AE0068324F /* DefaultComponentsInformationProvider.swift in Sources */,
				907DF1A91CB979AE0068324F /* DefaultPathDescriptionFactory.swift in Sources */,
				907DF1AA1CB979AE0068324F /* PathDescriptionFactoryType.swift in Sources */,
				907DF1AB1CB979AE0068324F /* ComponentInformation.swift in Sources */,
				907DF1AC1CB979AE0068324F /* PathDescription.swift in Sources */,
				907DF1AD1CB979AE0068324F /* PathInformationProviderType.swift in Sources */,
				907DF1AE1CB979AE0068324F /* PathSlicer.swift in Sources */,
			);
			runOnlyForDeploymentPostprocessing = 0;
		};
		907DF0DA1CB9705C0068324F /* Sources */ = {
			isa = PBXSourcesBuildPhase;
			buildActionMask = 2147483647;
			files = (
				907DF1921CB979130068324F /* ComponentType.swift in Sources */,
				907DF1931CB979130068324F /* LiteralComponent.swift in Sources */,
				907DF1941CB979130068324F /* RegexComponent.swift in Sources */,
				907DF1951CB979130068324F /* VariableComponent.swift in Sources */,
				907DF1961CB979130068324F /* ComponentsExtractorType.swift in Sources */,
				907DF1971CB979130068324F /* ComponentsInformationProviderType.swift in Sources */,
				907DF1981CB979130068324F /* DefaultComponentsExtractor.swift in Sources */,
				907DF1991CB979130068324F /* DefaultComponentsInformationProvider.swift in Sources */,
				907DF19A1CB979130068324F /* DefaultPathDescriptionFactory.swift in Sources */,
				907DF19B1CB979130068324F /* PathDescriptionFactoryType.swift in Sources */,
				907DF19C1CB979130068324F /* ComponentInformation.swift in Sources */,
				907DF19D1CB979130068324F /* PathDescription.swift in Sources */,
				907DF19E1CB979130068324F /* PathInformationProviderType.swift in Sources */,
				907DF19F1CB979130068324F /* PathSlicer.swift in Sources */,
			);
			runOnlyForDeploymentPostprocessing = 0;
		};
		907DF0E71CB9707C0068324F /* Sources */ = {
			isa = PBXSourcesBuildPhase;
			buildActionMask = 2147483647;
			files = (
				907DF1841CB978FE0068324F /* ComponentType.swift in Sources */,
				907DF1851CB978FE0068324F /* LiteralComponent.swift in Sources */,
				907DF1861CB978FE0068324F /* RegexComponent.swift in Sources */,
				907DF1871CB978FE0068324F /* VariableComponent.swift in Sources */,
				907DF1881CB978FE0068324F /* ComponentsExtractorType.swift in Sources */,
				907DF1891CB978FE0068324F /* ComponentsInformationProviderType.swift in Sources */,
				907DF18A1CB978FE0068324F /* DefaultComponentsExtractor.swift in Sources */,
				907DF18B1CB978FE0068324F /* DefaultComponentsInformationProvider.swift in Sources */,
				907DF18C1CB978FE0068324F /* DefaultPathDescriptionFactory.swift in Sources */,
				907DF18D1CB978FE0068324F /* PathDescriptionFactoryType.swift in Sources */,
				907DF18E1CB978FE0068324F /* ComponentInformation.swift in Sources */,
				907DF18F1CB978FE0068324F /* PathDescription.swift in Sources */,
				907DF1901CB978FE0068324F /* PathInformationProviderType.swift in Sources */,
				907DF1911CB978FE0068324F /* PathSlicer.swift in Sources */,
			);
			runOnlyForDeploymentPostprocessing = 0;
		};
		907DF0F41CB970AE0068324F /* Sources */ = {
			isa = PBXSourcesBuildPhase;
			buildActionMask = 2147483647;
			files = (
				907DF1751CB978E80068324F /* ComponentType.swift in Sources */,
				907DF1761CB978E80068324F /* LiteralComponent.swift in Sources */,
				907DF1771CB978E80068324F /* RegexComponent.swift in Sources */,
				907DF1781CB978E80068324F /* VariableComponent.swift in Sources */,
				907DF1791CB978E80068324F /* ComponentsExtractorType.swift in Sources */,
				907DF17A1CB978E80068324F /* ComponentsInformationProviderType.swift in Sources */,
				907DF17B1CB978E80068324F /* DefaultComponentsExtractor.swift in Sources */,
				907DF17C1CB978E80068324F /* DefaultComponentsInformationProvider.swift in Sources */,
				907DF17D1CB978E80068324F /* DefaultPathDescriptionFactory.swift in Sources */,
				907DF17E1CB978E80068324F /* PathDescriptionFactoryType.swift in Sources */,
				907DF17F1CB978E80068324F /* ComponentInformation.swift in Sources */,
				907DF1801CB978E80068324F /* PathDescription.swift in Sources */,
				907DF1811CB978E80068324F /* PathInformationProviderType.swift in Sources */,
				907DF1821CB978E80068324F /* PathSlicer.swift in Sources */,
			);
			runOnlyForDeploymentPostprocessing = 0;
		};
		907DF1B91CB97A5F0068324F /* Sources */ = {
			isa = PBXSourcesBuildPhase;
			buildActionMask = 2147483647;
			files = (
				907DF1E91CB97BA40068324F /* DefaultPathDescriptionFactoryTests.swift in Sources */,
				907DF1E51CB97BA40068324F /* LiteralComponentTests.swift in Sources */,
				907DF1ED1CB97BA40068324F /* PathSlicerTests.swift in Sources */,
				907DF1E71CB97BA40068324F /* VariableComponentTests.swift in Sources */,
				907DF1EC1CB97BA40068324F /* PathDescriptionTests.swift in Sources */,
				907DF1E81CB97BA40068324F /* DefaultComponentsExtractorTests.swift in Sources */,
				907DF1EB1CB97BA40068324F /* ComponentInformationTests.swift in Sources */,
				907DF1E61CB97BA40068324F /* RegexComponentTests.swift in Sources */,
			);
			runOnlyForDeploymentPostprocessing = 0;
		};
/* End PBXSourcesBuildPhase section */

/* Begin PBXTargetDependency section */
		907DF1C41CB97A5F0068324F /* PBXTargetDependency */ = {
			isa = PBXTargetDependency;
			target = 900A23481BFA64C900BA7ABC /* PathSlicer_iOS */;
			targetProxy = 907DF1C31CB97A5F0068324F /* PBXContainerItemProxy */;
		};
/* End PBXTargetDependency section */

/* Begin XCBuildConfiguration section */
		900A235B1BFA64CA00BA7ABC /* Debug */ = {
			isa = XCBuildConfiguration;
			buildSettings = {
				ALWAYS_SEARCH_USER_PATHS = NO;
				CLANG_CXX_LANGUAGE_STANDARD = "gnu++0x";
				CLANG_CXX_LIBRARY = "libc++";
				CLANG_ENABLE_MODULES = YES;
				CLANG_ENABLE_OBJC_ARC = YES;
				CLANG_WARN_BOOL_CONVERSION = YES;
				CLANG_WARN_CONSTANT_CONVERSION = YES;
				CLANG_WARN_DIRECT_OBJC_ISA_USAGE = YES_ERROR;
				CLANG_WARN_EMPTY_BODY = YES;
				CLANG_WARN_ENUM_CONVERSION = YES;
				CLANG_WARN_INT_CONVERSION = YES;
				CLANG_WARN_OBJC_ROOT_CLASS = YES_ERROR;
				CLANG_WARN_UNREACHABLE_CODE = YES;
				CLANG_WARN__DUPLICATE_METHOD_MATCH = YES;
				"CODE_SIGN_IDENTITY[sdk=iphoneos*]" = "iPhone Developer";
				COPY_PHASE_STRIP = NO;
				CURRENT_PROJECT_VERSION = 1;
				DEBUG_INFORMATION_FORMAT = dwarf;
				ENABLE_STRICT_OBJC_MSGSEND = YES;
				ENABLE_TESTABILITY = YES;
				GCC_C_LANGUAGE_STANDARD = gnu99;
				GCC_DYNAMIC_NO_PIC = NO;
				GCC_NO_COMMON_BLOCKS = YES;
				GCC_OPTIMIZATION_LEVEL = 0;
				GCC_PREPROCESSOR_DEFINITIONS = (
					"DEBUG=1",
					"$(inherited)",
				);
				GCC_WARN_64_TO_32_BIT_CONVERSION = YES;
				GCC_WARN_ABOUT_RETURN_TYPE = YES_ERROR;
				GCC_WARN_UNDECLARED_SELECTOR = YES;
				GCC_WARN_UNINITIALIZED_AUTOS = YES_AGGRESSIVE;
				GCC_WARN_UNUSED_FUNCTION = YES;
				GCC_WARN_UNUSED_VARIABLE = YES;
				IPHONEOS_DEPLOYMENT_TARGET = 9.1;
				MTL_ENABLE_DEBUG_INFO = YES;
				ONLY_ACTIVE_ARCH = YES;
				SDKROOT = iphoneos;
				SWIFT_OPTIMIZATION_LEVEL = "-Onone";
				TARGETED_DEVICE_FAMILY = "1,2";
				VERSIONING_SYSTEM = "apple-generic";
				VERSION_INFO_PREFIX = "";
			};
			name = Debug;
		};
		900A235C1BFA64CA00BA7ABC /* Release */ = {
			isa = XCBuildConfiguration;
			buildSettings = {
				ALWAYS_SEARCH_USER_PATHS = NO;
				CLANG_CXX_LANGUAGE_STANDARD = "gnu++0x";
				CLANG_CXX_LIBRARY = "libc++";
				CLANG_ENABLE_MODULES = YES;
				CLANG_ENABLE_OBJC_ARC = YES;
				CLANG_WARN_BOOL_CONVERSION = YES;
				CLANG_WARN_CONSTANT_CONVERSION = YES;
				CLANG_WARN_DIRECT_OBJC_ISA_USAGE = YES_ERROR;
				CLANG_WARN_EMPTY_BODY = YES;
				CLANG_WARN_ENUM_CONVERSION = YES;
				CLANG_WARN_INT_CONVERSION = YES;
				CLANG_WARN_OBJC_ROOT_CLASS = YES_ERROR;
				CLANG_WARN_UNREACHABLE_CODE = YES;
				CLANG_WARN__DUPLICATE_METHOD_MATCH = YES;
				"CODE_SIGN_IDENTITY[sdk=iphoneos*]" = "iPhone Developer";
				COPY_PHASE_STRIP = NO;
				CURRENT_PROJECT_VERSION = 1;
				DEBUG_INFORMATION_FORMAT = "dwarf-with-dsym";
				ENABLE_NS_ASSERTIONS = NO;
				ENABLE_STRICT_OBJC_MSGSEND = YES;
				GCC_C_LANGUAGE_STANDARD = gnu99;
				GCC_NO_COMMON_BLOCKS = YES;
				GCC_WARN_64_TO_32_BIT_CONVERSION = YES;
				GCC_WARN_ABOUT_RETURN_TYPE = YES_ERROR;
				GCC_WARN_UNDECLARED_SELECTOR = YES;
				GCC_WARN_UNINITIALIZED_AUTOS = YES_AGGRESSIVE;
				GCC_WARN_UNUSED_FUNCTION = YES;
				GCC_WARN_UNUSED_VARIABLE = YES;
				IPHONEOS_DEPLOYMENT_TARGET = 9.1;
				MTL_ENABLE_DEBUG_INFO = NO;
				SDKROOT = iphoneos;
				TARGETED_DEVICE_FAMILY = "1,2";
				VALIDATE_PRODUCT = YES;
				VERSIONING_SYSTEM = "apple-generic";
				VERSION_INFO_PREFIX = "";
			};
			name = Release;
		};
		900A235E1BFA64CA00BA7ABC /* Debug */ = {
			isa = XCBuildConfiguration;
			buildSettings = {
				CLANG_ENABLE_MODULES = YES;
				CODE_SIGN_IDENTITY = "iPhone Developer";
				DEFINES_MODULE = YES;
				DYLIB_COMPATIBILITY_VERSION = 1;
				DYLIB_CURRENT_VERSION = 1;
				DYLIB_INSTALL_NAME_BASE = "@rpath";
				INFOPLIST_FILE = "$(SRCROOT)/Source/Info-iOS.plist";
				INSTALL_PATH = "$(LOCAL_LIBRARY_DIR)/Frameworks";
				IPHONEOS_DEPLOYMENT_TARGET = 9.0;
				LD_RUNPATH_SEARCH_PATHS = "$(inherited) @executable_path/Frameworks @loader_path/Frameworks";
				PRODUCT_BUNDLE_IDENTIFIER = com.tynior.PathSlicer;
				PRODUCT_NAME = "$(TARGET_NAME)";
				SKIP_INSTALL = YES;
				SWIFT_OPTIMIZATION_LEVEL = "-Onone";
			};
			name = Debug;
		};
		900A235F1BFA64CA00BA7ABC /* Release */ = {
			isa = XCBuildConfiguration;
			buildSettings = {
				CLANG_ENABLE_MODULES = YES;
				CODE_SIGN_IDENTITY = "iPhone Developer";
				DEFINES_MODULE = YES;
				DYLIB_COMPATIBILITY_VERSION = 1;
				DYLIB_CURRENT_VERSION = 1;
				DYLIB_INSTALL_NAME_BASE = "@rpath";
				INFOPLIST_FILE = "$(SRCROOT)/Source/Info-iOS.plist";
				INSTALL_PATH = "$(LOCAL_LIBRARY_DIR)/Frameworks";
				IPHONEOS_DEPLOYMENT_TARGET = 9.0;
				LD_RUNPATH_SEARCH_PATHS = "$(inherited) @executable_path/Frameworks @loader_path/Frameworks";
				PRODUCT_BUNDLE_IDENTIFIER = com.tynior.PathSlicer;
				PRODUCT_NAME = "$(TARGET_NAME)";
				SKIP_INSTALL = YES;
			};
			name = Release;
		};
		907DF0E51CB9705D0068324F /* Debug */ = {
			isa = XCBuildConfiguration;
			buildSettings = {
				APPLICATION_EXTENSION_API_ONLY = YES;
				CLANG_ANALYZER_NONNULL = YES;
				DEFINES_MODULE = YES;
				DYLIB_COMPATIBILITY_VERSION = 1;
				DYLIB_CURRENT_VERSION = 1;
				DYLIB_INSTALL_NAME_BASE = "@rpath";
				INFOPLIST_FILE = "Source/Info-watchOS.plist";
				INSTALL_PATH = "$(LOCAL_LIBRARY_DIR)/Frameworks";
				LD_RUNPATH_SEARCH_PATHS = "$(inherited) @executable_path/Frameworks @loader_path/Frameworks";
				PRODUCT_BUNDLE_IDENTIFIER = "com.tynior.PathSlicer-watchOS";
				PRODUCT_NAME = "$(TARGET_NAME)";
				SDKROOT = watchos;
				SKIP_INSTALL = YES;
				TARGETED_DEVICE_FAMILY = 4;
				WATCHOS_DEPLOYMENT_TARGET = 2.0;
			};
			name = Debug;
		};
		907DF0E61CB9705D0068324F /* Release */ = {
			isa = XCBuildConfiguration;
			buildSettings = {
				APPLICATION_EXTENSION_API_ONLY = YES;
				CLANG_ANALYZER_NONNULL = YES;
				DEFINES_MODULE = YES;
				DYLIB_COMPATIBILITY_VERSION = 1;
				DYLIB_CURRENT_VERSION = 1;
				DYLIB_INSTALL_NAME_BASE = "@rpath";
				INFOPLIST_FILE = "Source/Info-watchOS.plist";
				INSTALL_PATH = "$(LOCAL_LIBRARY_DIR)/Frameworks";
				LD_RUNPATH_SEARCH_PATHS = "$(inherited) @executable_path/Frameworks @loader_path/Frameworks";
				PRODUCT_BUNDLE_IDENTIFIER = "com.tynior.PathSlicer-watchOS";
				PRODUCT_NAME = "$(TARGET_NAME)";
				SDKROOT = watchos;
				SKIP_INSTALL = YES;
				TARGETED_DEVICE_FAMILY = 4;
				WATCHOS_DEPLOYMENT_TARGET = 2.0;
			};
			name = Release;
		};
		907DF0F21CB9707C0068324F /* Debug */ = {
			isa = XCBuildConfiguration;
			buildSettings = {
				CLANG_ANALYZER_NONNULL = YES;
				DEFINES_MODULE = YES;
				DYLIB_COMPATIBILITY_VERSION = 1;
				DYLIB_CURRENT_VERSION = 1;
				DYLIB_INSTALL_NAME_BASE = "@rpath";
				INFOPLIST_FILE = "$(SRCROOT)/Source/Info-tvOS.plist";
				INSTALL_PATH = "$(LOCAL_LIBRARY_DIR)/Frameworks";
				LD_RUNPATH_SEARCH_PATHS = "$(inherited) @executable_path/Frameworks @loader_path/Frameworks";
				PRODUCT_BUNDLE_IDENTIFIER = "com.tynior.PathSlicer-tvOS";
				PRODUCT_NAME = "$(TARGET_NAME)";
				SDKROOT = appletvos;
				SKIP_INSTALL = YES;
				TARGETED_DEVICE_FAMILY = 3;
				TVOS_DEPLOYMENT_TARGET = 9.0;
			};
			name = Debug;
		};
		907DF0F31CB9707C0068324F /* Release */ = {
			isa = XCBuildConfiguration;
			buildSettings = {
				CLANG_ANALYZER_NONNULL = YES;
				DEFINES_MODULE = YES;
				DYLIB_COMPATIBILITY_VERSION = 1;
				DYLIB_CURRENT_VERSION = 1;
				DYLIB_INSTALL_NAME_BASE = "@rpath";
				INFOPLIST_FILE = "$(SRCROOT)/Source/Info-tvOS.plist";
				INSTALL_PATH = "$(LOCAL_LIBRARY_DIR)/Frameworks";
				LD_RUNPATH_SEARCH_PATHS = "$(inherited) @executable_path/Frameworks @loader_path/Frameworks";
				PRODUCT_BUNDLE_IDENTIFIER = "com.tynior.PathSlicer-tvOS";
				PRODUCT_NAME = "$(TARGET_NAME)";
				SDKROOT = appletvos;
				SKIP_INSTALL = YES;
				TARGETED_DEVICE_FAMILY = 3;
				TVOS_DEPLOYMENT_TARGET = 9.0;
			};
			name = Release;
		};
		907DF0FF1CB970AE0068324F /* Debug */ = {
			isa = XCBuildConfiguration;
			buildSettings = {
				CLANG_ANALYZER_NONNULL = YES;
				CODE_SIGN_IDENTITY = "-";
				COMBINE_HIDPI_IMAGES = YES;
				DEFINES_MODULE = YES;
				DYLIB_COMPATIBILITY_VERSION = 1;
				DYLIB_CURRENT_VERSION = 1;
				DYLIB_INSTALL_NAME_BASE = "@rpath";
				FRAMEWORK_VERSION = A;
				INFOPLIST_FILE = "$(SRCROOT)/Source/Info-osX.plist";
				INSTALL_PATH = "$(LOCAL_LIBRARY_DIR)/Frameworks";
				LD_RUNPATH_SEARCH_PATHS = "$(inherited) @executable_path/../Frameworks @loader_path/Frameworks";
				MACOSX_DEPLOYMENT_TARGET = 10.9;
				PRODUCT_BUNDLE_IDENTIFIER = "com.tynior.PathSlicer-osX";
				PRODUCT_NAME = "$(TARGET_NAME)";
				SDKROOT = macosx;
				SKIP_INSTALL = YES;
			};
			name = Debug;
		};
		907DF1001CB970AE0068324F /* Release */ = {
			isa = XCBuildConfiguration;
			buildSettings = {
				CLANG_ANALYZER_NONNULL = YES;
				CODE_SIGN_IDENTITY = "-";
				COMBINE_HIDPI_IMAGES = YES;
				DEFINES_MODULE = YES;
				DYLIB_COMPATIBILITY_VERSION = 1;
				DYLIB_CURRENT_VERSION = 1;
				DYLIB_INSTALL_NAME_BASE = "@rpath";
				FRAMEWORK_VERSION = A;
				INFOPLIST_FILE = "$(SRCROOT)/Source/Info-osX.plist";
				INSTALL_PATH = "$(LOCAL_LIBRARY_DIR)/Frameworks";
				LD_RUNPATH_SEARCH_PATHS = "$(inherited) @executable_path/../Frameworks @loader_path/Frameworks";
				MACOSX_DEPLOYMENT_TARGET = 10.9;
				PRODUCT_BUNDLE_IDENTIFIER = "com.tynior.PathSlicer-osX";
				PRODUCT_NAME = "$(TARGET_NAME)";
				SDKROOT = macosx;
				SKIP_INSTALL = YES;
			};
			name = Release;
		};
		907DF1C61CB97A5F0068324F /* Debug */ = {
			isa = XCBuildConfiguration;
			buildSettings = {
				CLANG_ANALYZER_NONNULL = YES;
				CLANG_ENABLE_MODULES = YES;
				INFOPLIST_FILE = Tests/Info.plist;
				IPHONEOS_DEPLOYMENT_TARGET = 9.3;
				LD_RUNPATH_SEARCH_PATHS = "$(inherited) @executable_path/Frameworks @loader_path/Frameworks";
				PRODUCT_BUNDLE_IDENTIFIER = com.tynior.PathSlicerTests;
				PRODUCT_NAME = "$(TARGET_NAME)";
				SWIFT_OPTIMIZATION_LEVEL = "-Onone";
			};
			name = Debug;
		};
		907DF1C71CB97A5F0068324F /* Release */ = {
			isa = XCBuildConfiguration;
			buildSettings = {
				CLANG_ANALYZER_NONNULL = YES;
				CLANG_ENABLE_MODULES = YES;
				INFOPLIST_FILE = Tests/Info.plist;
				IPHONEOS_DEPLOYMENT_TARGET = 9.3;
				LD_RUNPATH_SEARCH_PATHS = "$(inherited) @executable_path/Frameworks @loader_path/Frameworks";
				PRODUCT_BUNDLE_IDENTIFIER = com.tynior.PathSlicerTests;
				PRODUCT_NAME = "$(TARGET_NAME)";
			};
			name = Release;
		};
/* End XCBuildConfiguration section */

/* Begin XCConfigurationList section */
		900A23431BFA64C900BA7ABC /* Build configuration list for PBXProject "PathSlicer" */ = {
			isa = XCConfigurationList;
			buildConfigurations = (
				900A235B1BFA64CA00BA7ABC /* Debug */,
				900A235C1BFA64CA00BA7ABC /* Release */,
			);
			defaultConfigurationIsVisible = 0;
			defaultConfigurationName = Release;
		};
		900A235D1BFA64CA00BA7ABC /* Build configuration list for PBXNativeTarget "PathSlicer_iOS" */ = {
			isa = XCConfigurationList;
			buildConfigurations = (
				900A235E1BFA64CA00BA7ABC /* Debug */,
				900A235F1BFA64CA00BA7ABC /* Release */,
			);
			defaultConfigurationIsVisible = 0;
			defaultConfigurationName = Release;
		};
		907DF0E41CB9705D0068324F /* Build configuration list for PBXNativeTarget "PathSlicer_watchOS" */ = {
			isa = XCConfigurationList;
			buildConfigurations = (
				907DF0E51CB9705D0068324F /* Debug */,
				907DF0E61CB9705D0068324F /* Release */,
			);
			defaultConfigurationIsVisible = 0;
			defaultConfigurationName = Release;
		};
		907DF0F11CB9707C0068324F /* Build configuration list for PBXNativeTarget "PathSlicer_tvOS" */ = {
			isa = XCConfigurationList;
			buildConfigurations = (
				907DF0F21CB9707C0068324F /* Debug */,
				907DF0F31CB9707C0068324F /* Release */,
			);
			defaultConfigurationIsVisible = 0;
			defaultConfigurationName = Release;
		};
		907DF0FE1CB970AE0068324F /* Build configuration list for PBXNativeTarget "PathSlicer_osX" */ = {
			isa = XCConfigurationList;
			buildConfigurations = (
				907DF0FF1CB970AE0068324F /* Debug */,
				907DF1001CB970AE0068324F /* Release */,
			);
			defaultConfigurationIsVisible = 0;
			defaultConfigurationName = Release;
		};
		907DF1C51CB97A5F0068324F /* Build configuration list for PBXNativeTarget "PathSlicerTests" */ = {
			isa = XCConfigurationList;
			buildConfigurations = (
				907DF1C61CB97A5F0068324F /* Debug */,
				907DF1C71CB97A5F0068324F /* Release */,
			);
			defaultConfigurationIsVisible = 0;
		};
/* End XCConfigurationList section */
	};
	rootObject = 900A23401BFA64C900BA7ABC /* Project object */;
}
